// !$*UTF8*$!
{
	archiveVersion = 1;
	classes = {
	};
	objectVersion = 77;
	objects = {

/* Begin PBXContainerItemProxy section */
		F09FDB57302CB3A800705391 /* PBXContainerItemProxy */ = {
			isa = PBXContainerItemProxy;
			containerPortal = F09FDB41302CB3A700705391 /* Project object */;
			proxyType = 1;
			remoteGlobalIDString = F09FDB48302CB3A700705391;
			remoteInfo = Fresh;
		};
		F09FDB61302CB3A800705391 /* PBXContainerItemProxy */ = {
			isa = PBXContainerItemProxy;
			containerPortal = F09FDB41302CB3A700705391 /* Project object */;
			proxyType = 1;
			remoteGlobalIDString = F09FDB48302CB3A700705391;
			remoteInfo = Fresh;
		};
/* End PBXContainerItemProxy section */

/* Begin PBXFileReference section */
		F09FDB49302CB3A700705391 /* Fresh.app */ = {isa = PBXFileReference; explicitFileType = wrapper.application; includeInIndex = 0; path = Fresh.app; sourceTree = BUILT_PRODUCTS_DIR; };
		F09FDB56302CB3A800705391 /* FreshTests.xctest */ = {isa = PBXFileReference; explicitFileType = wrapper.cfbundle; includeInIndex = 0; path = FreshTests.xctest; sourceTree = BUILT_PRODUCTS_DIR; };
		F09FDB60302CB3A800705391 /* FreshUITests.xctest */ = {isa = PBXFileReference; explicitFileType = wrapper.cfbundle; includeInIndex = 0; path = FreshUITests.xctest; sourceTree = BUILT_PRODUCTS_DIR; };
/* End PBXFileReference section */

/* Begin PBXFileSystemSynchronizedBuildFileExceptionSet section */
		F0A6E00130A5000000F0E500 /* Exceptions for "Fresh" folder in "Fresh" target */ = {
			isa = PBXFileSystemSynchronizedBuildFileExceptionSet;
			membershipExceptions = (
				Docs/APP_CONCEPT_RESEARCH.md,
				Docs/DESIGN_SYSTEM.md,
				Docs/SCREEN_SPEC_TEMPLATE.md,
				Docs/ScreenSpecs/01_ONBOARDING.md,
				Docs/ScreenSpecs/02_TODAY.md,
				Docs/ScreenSpecs/03_MY_FOOD.md,
				Docs/ScreenSpecs/04_QUICK_ADD.md,
				Docs/ScreenSpecs/05_ESTIMATE_REVIEW.md,
				Docs/ScreenSpecs/06_FOOD_DETAIL.md,
				Docs/ScreenSpecs/07_EDIT_FOOD.md,
				Docs/ScreenSpecs/08_SETTINGS.md,
				Docs/UI_UX_DESIGN_RESEARCH.md,
				Docs/VISUAL_GENERATION_GUIDE.md,
				Docs/VISUAL_HANDOFF_README.md,
				Docs/VisualReferences/GENERATED_UI_PROPOSAL_TEMPLATE.md,
			);
			target = F09FDB48302CB3A700705391 /* Fresh */;
		};
/* End PBXFileSystemSynchronizedBuildFileExceptionSet section */

/* Begin PBXFileSystemSynchronizedRootGroup section */
		F09FDB4B302CB3A700705391 /* Fresh */ = {
			isa = PBXFileSystemSynchronizedRootGroup;
			exceptions = (
				F0A6E00130A5000000F0E500 /* Exceptions for "Fresh" folder in "Fresh" target */,
			);
			path = Fresh;
			sourceTree = "<group>";
		};
		F09FDB59302CB3A800705391 /* FreshTests */ = {
			isa = PBXFileSystemSynchronizedRootGroup;
			path = FreshTests;
			sourceTree = "<group>";
		};
		F09FDB63302CB3A800705391 /* FreshUITests */ = {
			isa = PBXFileSystemSynchronizedRootGroup;
			path = FreshUITests;
			sourceTree = "<group>";
		};
/* End PBXFileSystemSynchronizedRootGroup section */

/* Begin PBXFrameworksBuildPhase section */
		F09FDB46302CB3A700705391 /* Frameworks */ = {
			isa = PBXFrameworksBuildPhase;
			buildActionMask = 2147483647;
			files = (
			);
			runOnlyForDeploymentPostprocessing = 0;
		};
		F09FDB53302CB3A800705391 /* Frameworks */ = {
			isa = PBXFrameworksBuildPhase;
			buildActionMask = 2147483647;
			files = (
			);
			runOnlyForDeploymentPostprocessing = 0;
		};
		F09FDB5D302CB3A800705391 /* Frameworks */ = {
			isa = PBXFrameworksBuildPhase;
			buildActionMask = 2147483647;
			files = (
			);
			runOnlyForDeploymentPostprocessing = 0;
		};
/* End PBXFrameworksBuildPhase section */

/* Begin PBXGroup section */
		F09FDB40302CB3A700705391 = {
			isa = PBXGroup;
			children = (
				F09FDB4B302CB3A700705391 /* Fresh */,
				F09FDB59302CB3A800705391 /* FreshTests */,
				F09FDB63302CB3A800705391 /* FreshUITests */,
				F09FDB4A302CB3A700705391 /* Products */,
			);
			sourceTree = "<group>";
		};
		F09FDB4A302CB3A700705391 /* Products */ = {
			isa = PBXGroup;
			children = (
				F09FDB49302CB3A700705391 /* Fresh.app */,
				F09FDB56302CB3A800705391 /* FreshTests.xctest */,
				F09FDB60302CB3A800705391 /* FreshUITests.xctest */,
			);
			name = Products;
			sourceTree = "<group>";
		};
/* End PBXGroup section */

/* Begin PBXNativeTarget section */
		F09FDB48302CB3A700705391 /* Fresh */ = {
			isa = PBXNativeTarget;
			buildConfigurationList = F09FDB6A302CB3A800705391 /* Build configuration list for PBXNativeTarget "Fresh" */;
			buildPhases = (
				F09FDB45302CB3A700705391 /* Sources */,
				F09FDB46302CB3A700705391 /* Frameworks */,
				F09FDB47302CB3A700705391 /* Resources */,
			);
			buildRules = (
			);
			dependencies = (
			);
			fileSystemSynchronizedGroups = (
				F09FDB4B302CB3A700705391 /* Fresh */,
			);
			name = Fresh;
			packageProductDependencies = (
			);
			productName = Fresh;
			productReference = F09FDB49302CB3A700705391 /* Fresh.app */;
			productType = "com.apple.product-type.application";
		};
		F09FDB55302CB3A800705391 /* FreshTests */ = {
			isa = PBXNativeTarget;
			buildConfigurationList = F09FDB6D302CB3A800705391 /* Build configuration list for PBXNativeTarget "FreshTests" */;
			buildPhases = (
				F09FDB52302CB3A800705391 /* Sources */,
				F09FDB53302CB3A800705391 /* Frameworks */,
				F09FDB54302CB3A800705391 /* Resources */,
			);
			buildRules = (
			);
			dependencies = (
				F09FDB58302CB3A800705391 /* PBXTargetDependency */,
			);
			fileSystemSynchronizedGroups = (
				F09FDB59302CB3A800705391 /* FreshTests */,
			);
			name = FreshTests;
			packageProductDependencies = (
			);
			productName = FreshTests;
			productReference = F09FDB56302CB3A800705391 /* FreshTests.xctest */;
			productType = "com.apple.product-type.bundle.unit-test";
		};
		F09FDB5F302CB3A800705391 /* FreshUITests */ = {
			isa = PBXNativeTarget;
			buildConfigurationList = F09FDB70302CB3A800705391 /* Build configuration list for PBXNativeTarget "FreshUITests" */;
			buildPhases = (
				F09FDB5C302CB3A800705391 /* Sources */,
				F09FDB5D302CB3A800705391 /* Frameworks */,
				F09FDB5E302CB3A800705391 /* Resources */,
			);
			buildRules = (
			);
			dependencies = (
				F09FDB62302CB3A800705391 /* PBXTargetDependency */,
			);
			fileSystemSynchronizedGroups = (
				F09FDB63302CB3A800705391 /* FreshUITests */,
			);
			name = FreshUITests;
			packageProductDependencies = (
			);
			productName = FreshUITests;
			productReference = F09FDB60302CB3A800705391 /* FreshUITests.xctest */;
			productType = "com.apple.product-type.bundle.ui-testing";
		};
/* End PBXNativeTarget section */

/* Begin PBXProject section */
		F09FDB41302CB3A700705391 /* Project object */ = {
			isa = PBXProject;
			attributes = {
				BuildIndependentTargetsInParallel = 1;
				LastSwiftUpdateCheck = 2660;
				LastUpgradeCheck = 2660;
				TargetAttributes = {
					F09FDB48302CB3A700705391 = {
						CreatedOnToolsVersion = 26.6;
					};
					F09FDB55302CB3A800705391 = {
						CreatedOnToolsVersion = 26.6;
						TestTargetID = F09FDB48302CB3A700705391;
					};
					F09FDB5F302CB3A800705391 = {
						CreatedOnToolsVersion = 26.6;
						TestTargetID = F09FDB48302CB3A700705391;
					};
				};
			};
			buildConfigurationList = F09FDB44302CB3A700705391 /* Build configuration list for PBXProject "Fresh" */;
			developmentRegion = en;
			hasScannedForEncodings = 0;
			knownRegions = (
				en,
				Base,
			);
			mainGroup = F09FDB40302CB3A700705391;
			minimizedProjectReferenceProxies = 1;
			preferredProjectObjectVersion = 77;
			productRefGroup = F09FDB4A302CB3A700705391 /* Products */;
			projectDirPath = "";
			projectRoot = "";
			targets = (
				F09FDB48302CB3A700705391 /* Fresh */,
				F09FDB55302CB3A800705391 /* FreshTests */,
				F09FDB5F302CB3A800705391 /* FreshUITests */,
			);
		};
/* End PBXProject section */

/* Begin PBXResourcesBuildPhase section */
		F09FDB47302CB3A700705391 /* Resources */ = {
			isa = PBXResourcesBuildPhase;
			buildActionMask = 2147483647;
			files = (
			);
			runOnlyForDeploymentPostprocessing = 0;
		};
		F09FDB54302CB3A800705391 /* Resources */ = {
			isa = PBXResourcesBuildPhase;
			buildActionMask = 2147483647;
			files = (
			);
			runOnlyForDeploymentPostprocessing = 0;
		};
		F09FDB5E302CB3A800705391 /* Resources */ = {
			isa = PBXResourcesBuildPhase;
			buildActionMask = 2147483647;
			files = (
			);
			runOnlyForDeploymentPostprocessing = 0;
		};
/* End PBXResourcesBuildPhase section */

/* Begin PBXSourcesBuildPhase section */
		F09FDB45302CB3A700705391 /* Sources */ = {
			isa = PBXSourcesBuildPhase;
			buildActionMask = 2147483647;
			files = (
			);
			runOnlyForDeploymentPostprocessing = 0;
		};
		F09FDB52302CB3A800705391 /* Sources */ = {
			isa = PBXSourcesBuildPhase;
			buildActionMask = 2147483647;
			files = (
			);
			runOnlyForDeploymentPostprocessing = 0;
		};
		F09FDB5C302CB3A800705391 /* Sources */ = {
			isa = PBXSourcesBuildPhase;
			buildActionMask = 2147483647;
			files = (
			);
			runOnlyForDeploymentPostprocessing = 0;
		};
/* End PBXSourcesBuildPhase section */

/* Begin PBXTargetDependency section */
		F09FDB58302CB3A800705391 /* PBXTargetDependency */ = {
			isa = PBXTargetDependency;
			target = F09FDB48302CB3A700705391 /* Fresh */;
			targetProxy = F09FDB57302CB3A800705391 /* PBXContainerItemProxy */;
		};
		F09FDB62302CB3A800705391 /* PBXTargetDependency */ = {
			isa = PBXTargetDependency;
			target = F09FDB48302CB3A700705391 /* Fresh */;
			targetProxy = F09FDB61302CB3A800705391 /* PBXContainerItemProxy */;
		};
/* End PBXTargetDependency section */

/* Begin XCBuildConfiguration section */
		F09FDB68302CB3A800705391 /* Debug */ = {
			isa = XCBuildConfiguration;
			buildSettings = {
				ALWAYS_SEARCH_USER_PATHS = NO;
				ASSETCATALOG_COMPILER_GENERATE_SWIFT_ASSET_SYMBOL_EXTENSIONS = YES;
				CLANG_ANALYZER_NONNULL = YES;
				CLANG_ANALYZER_NUMBER_OBJECT_CONVERSION = YES_AGGRESSIVE;
				CLANG_CXX_LANGUAGE_STANDARD = "gnu++20";
				CLANG_ENABLE_MODULES = YES;
				CLANG_ENABLE_OBJC_ARC = YES;
				CLANG_ENABLE_OBJC_WEAK = YES;
				CLANG_WARN_BLOCK_CAPTURE_AUTORELEASING = YES;
				CLANG_WARN_BOOL_CONVERSION = YES;
				CLANG_WARN_COMMA = YES;
				CLANG_WARN_CONSTANT_CONVERSION = YES;
				CLANG_WARN_DEPRECATED_OBJC_IMPLEMENTATIONS = YES;
				CLANG_WARN_DIRECT_OBJC_ISA_USAGE = YES_ERROR;
				CLANG_WARN_DOCUMENTATION_COMMENTS = YES;
				CLANG_WARN_EMPTY_BODY = YES;
				CLANG_WARN_ENUM_CONVERSION = YES;
				CLANG_WARN_INFINITE_RECURSION = YES;
				CLANG_WARN_INT_CONVERSION = YES;
				CLANG_WARN_NON_LITERAL_NULL_CONVERSION = YES;
				CLANG_WARN_OBJC_IMPLICIT_RETAIN_SELF = YES;
				CLANG_WARN_OBJC_LITERAL_CONVERSION = YES;
				CLANG_WARN_OBJC_ROOT_CLASS = YES_ERROR;
				CLANG_WARN_QUOTED_INCLUDE_IN_FRAMEWORK_HEADER = YES;
				CLANG_WARN_RANGE_LOOP_ANALYSIS = YES;
				CLANG_WARN_STRICT_PROTOTYPES = YES;
				CLANG_WARN_SUSPICIOUS_MOVE = YES;
				CLANG_WARN_UNGUARDED_AVAILABILITY = YES_AGGRESSIVE;
				CLANG_WARN_UNREACHABLE_CODE = YES;
				CLANG_WARN__DUPLICATE_METHOD_MATCH = YES;
				COPY_PHASE_STRIP = NO;
				DEBUG_INFORMATION_FORMAT = dwarf;
				DEVELOPMENT_TEAM = LF442H2D9J;
				ENABLE_STRICT_OBJC_MSGSEND = YES;
				ENABLE_TESTABILITY = YES;
				ENABLE_USER_SCRIPT_SANDBOXING = YES;
				GCC_C_LANGUAGE_STANDARD = gnu17;
				GCC_DYNAMIC_NO_PIC = NO;
				GCC_NO_COMMON_BLOCKS = YES;
				GCC_OPTIMIZATION_LEVEL = 0;
				GCC_PREPROCESSOR_DEFINITIONS = (
					"DEBUG=1",
					"$(inherited)",
				);
				GCC_WARN_64_TO_32_BIT_CONVERSION = YES;
				GCC_WARN_ABOUT_RETURN_TYPE = YES_ERROR;
				GCC_WARN_UNDECLARED_SELECTOR = YES;
				GCC_WARN_UNINITIALIZED_AUTOS = YES_AGGRESSIVE;
				GCC_WARN_UNUSED_FUNCTION = YES;
				GCC_WARN_UNUSED_VARIABLE = YES;
				IPHONEOS_DEPLOYMENT_TARGET = 26.5;
				LOCALIZATION_PREFERS_STRING_CATALOGS = YES;
				MTL_ENABLE_DEBUG_INFO = INCLUDE_SOURCE;
				MTL_FAST_MATH = YES;
				ONLY_ACTIVE_ARCH = YES;
				SDKROOT = iphoneos;
				SWIFT_ACTIVE_COMPILATION_CONDITIONS = "DEBUG $(inherited)";
				SWIFT_OPTIMIZATION_LEVEL = "-Onone";
			};
			name = Debug;
		};
		F09FDB69302CB3A800705391 /* Release */ = {
			isa = XCBuildConfiguration;
			buildSettings = {
				ALWAYS_SEARCH_USER_PATHS = NO;
				ASSETCATALOG_COMPILER_GENERATE_SWIFT_ASSET_SYMBOL_EXTENSIONS = YES;
				CLANG_ANALYZER_NONNULL = YES;
				CLANG_ANALYZER_NUMBER_OBJECT_CONVERSION = YES_AGGRESSIVE;
				CLANG_CXX_LANGUAGE_STANDARD = "gnu++20";
				CLANG_ENABLE_MODULES = YES;
				CLANG_ENABLE_OBJC_ARC = YES;
				CLANG_ENABLE_OBJC_WEAK = YES;
				CLANG_WARN_BLOCK_CAPTURE_AUTORELEASING = YES;
				CLANG_WARN_BOOL_CONVERSION = YES;
				CLANG_WARN_COMMA = YES;
				CLANG_WARN_CONSTANT_CONVERSION = YES;
				CLANG_WARN_DEPRECATED_OBJC_IMPLEMENTATIONS = YES;
				CLANG_WARN_DIRECT_OBJC_ISA_USAGE = YES_ERROR;
				CLANG_WARN_DOCUMENTATION_COMMENTS = YES;
				CLANG_WARN_EMPTY_BODY = YES;
				CLANG_WARN_ENUM_CONVERSION = YES;
				CLANG_WARN_INFINITE_RECURSION = YES;
				CLANG_WARN_INT_CONVERSION = YES;
				CLANG_WARN_NON_LITERAL_NULL_CONVERSION = YES;
				CLANG_WARN_OBJC_IMPLICIT_RETAIN_SELF = YES;
				CLANG_WARN_OBJC_LITERAL_CONVERSION = YES;
				CLANG_WARN_OBJC_ROOT_CLASS = YES_ERROR;
				CLANG_WARN_QUOTED_INCLUDE_IN_FRAMEWORK_HEADER = YES;
				CLANG_WARN_RANGE_LOOP_ANALYSIS = YES;
				CLANG_WARN_STRICT_PROTOTYPES = YES;
				CLANG_WARN_SUSPICIOUS_MOVE = YES;
				CLANG_WARN_UNGUARDED_AVAILABILITY = YES_AGGRESSIVE;
				CLANG_WARN_UNREACHABLE_CODE = YES;
				CLANG_WARN__DUPLICATE_METHOD_MATCH = YES;
				COPY_PHASE_STRIP = NO;
				DEBUG_INFORMATION_FORMAT = "dwarf-with-dsym";
				DEVELOPMENT_TEAM = LF442H2D9J;
				ENABLE_NS_ASSERTIONS = NO;
				ENABLE_STRICT_OBJC_MSGSEND = YES;
				ENABLE_USER_SCRIPT_SANDBOXING = YES;
				GCC_C_LANGUAGE_STANDARD = gnu17;
				GCC_NO_COMMON_BLOCKS = YES;
				GCC_WARN_64_TO_32_BIT_CONVERSION = YES;
				GCC_WARN_ABOUT_RETURN_TYPE = YES_ERROR;
				GCC_WARN_UNDECLARED_SELECTOR = YES;
				GCC_WARN_UNINITIALIZED_AUTOS = YES_AGGRESSIVE;
				GCC_WARN_UNUSED_FUNCTION = YES;
				GCC_WARN_UNUSED_VARIABLE = YES;
				IPHONEOS_DEPLOYMENT_TARGET = 26.5;
				LOCALIZATION_PREFERS_STRING_CATALOGS = YES;
				MTL_ENABLE_DEBUG_INFO = NO;
				MTL_FAST_MATH = YES;
				SDKROOT = iphoneos;
				SWIFT_COMPILATION_MODE = wholemodule;
				VALIDATE_PRODUCT = YES;
			};
			name = Release;
		};
		F09FDB6B302CB3A800705391 /* Debug */ = {
			isa = XCBuildConfiguration;
			buildSettings = {
				ASSETCATALOG_COMPILER_APPICON_NAME = AppIcon;
				ASSETCATALOG_COMPILER_GLOBAL_ACCENT_COLOR_NAME = AccentColor;
				CODE_SIGN_STYLE = Automatic;
				CURRENT_PROJECT_VERSION = 1;
				DEVELOPMENT_TEAM = LF442H2D9J;
				ENABLE_PREVIEWS = YES;
				GENERATE_INFOPLIST_FILE = YES;
				INFOPLIST_KEY_UIApplicationSceneManifest_Generation = YES;
				INFOPLIST_KEY_UIApplicationSupportsIndirectInputEvents = YES;
				INFOPLIST_KEY_UILaunchScreen_Generation = YES;
				INFOPLIST_KEY_UISupportedInterfaceOrientations_iPad = "UIInterfaceOrientationPortrait UIInterfaceOrientationPortraitUpsideDown UIInterfaceOrientationLandscapeLeft UIInterfaceOrientationLandscapeRight";
				INFOPLIST_KEY_UISupportedInterfaceOrientations_iPhone = "UIInterfaceOrientationPortrait UIInterfaceOrientationLandscapeLeft UIInterfaceOrientationLandscapeRight";
				LD_RUNPATH_SEARCH_PATHS = (
					"$(inherited)",
					"@executable_path/Frameworks",
				);
				MARKETING_VERSION = 1.0;
				PRODUCT_BUNDLE_IDENTIFIER = com.ibnu.Fresh;
				PRODUCT_NAME = "$(TARGET_NAME)";
				STRING_CATALOG_GENERATE_SYMBOLS = YES;
				SWIFT_APPROACHABLE_CONCURRENCY = YES;
				SWIFT_DEFAULT_ACTOR_ISOLATION = MainActor;
				SWIFT_EMIT_LOC_STRINGS = YES;
				SWIFT_UPCOMING_FEATURE_MEMBER_IMPORT_VISIBILITY = YES;
				SWIFT_VERSION = 5.0;
				TARGETED_DEVICE_FAMILY = "1,2";
			};
			name = Debug;
		};
		F09FDB6C302CB3A800705391 /* Release */ = {
			isa = XCBuildConfiguration;
			buildSettings = {
				ASSETCATALOG_COMPILER_APPICON_NAME = AppIcon;
				ASSETCATALOG_COMPILER_GLOBAL_ACCENT_COLOR_NAME = AccentColor;
				CODE_SIGN_STYLE = Automatic;
				CURRENT_PROJECT_VERSION = 1;
				DEVELOPMENT_TEAM = LF442H2D9J;
				ENABLE_PREVIEWS = YES;
				GENERATE_INFOPLIST_FILE = YES;
				INFOPLIST_KEY_UIApplicationSceneManifest_Generation = YES;
				INFOPLIST_KEY_UIApplicationSupportsIndirectInputEvents = YES;
				INFOPLIST_KEY_UILaunchScreen_Generation = YES;
				INFOPLIST_KEY_UISupportedInterfaceOrientations_iPad = "UIInterfaceOrientationPortrait UIInterfaceOrientationPortraitUpsideDown UIInterfaceOrientationLandscapeLeft UIInterfaceOrientationLandscapeRight";
				INFOPLIST_KEY_UISupportedInterfaceOrientations_iPhone = "UIInterfaceOrientationPortrait UIInterfaceOrientationLandscapeLeft UIInterfaceOrientationLandscapeRight";
				LD_RUNPATH_SEARCH_PATHS = (
					"$(inherited)",
					"@executable_path/Frameworks",
				);
				MARKETING_VERSION = 1.0;
				PRODUCT_BUNDLE_IDENTIFIER = com.ibnu.Fresh;
				PRODUCT_NAME = "$(TARGET_NAME)";
				STRING_CATALOG_GENERATE_SYMBOLS = YES;
				SWIFT_APPROACHABLE_CONCURRENCY = YES;
				SWIFT_DEFAULT_ACTOR_ISOLATION = MainActor;
				SWIFT_EMIT_LOC_STRINGS = YES;
				SWIFT_UPCOMING_FEATURE_MEMBER_IMPORT_VISIBILITY = YES;
				SWIFT_VERSION = 5.0;
				TARGETED_DEVICE_FAMILY = "1,2";
			};
			name = Release;
		};
		F09FDB6E302CB3A800705391 /* Debug */ = {
			isa = XCBuildConfiguration;
			buildSettings = {
				BUNDLE_LOADER = "$(TEST_HOST)";
				CODE_SIGN_STYLE = Automatic;
				CURRENT_PROJECT_VERSION = 1;
				DEVELOPMENT_TEAM = LF442H2D9J;
				GENERATE_INFOPLIST_FILE = YES;
				IPHONEOS_DEPLOYMENT_TARGET = 26.5;
				MARKETING_VERSION = 1.0;
				PRODUCT_BUNDLE_IDENTIFIER = com.ibnu.FreshTests;
				PRODUCT_NAME = "$(TARGET_NAME)";
				STRING_CATALOG_GENERATE_SYMBOLS = NO;
				SWIFT_APPROACHABLE_CONCURRENCY = YES;
				SWIFT_EMIT_LOC_STRINGS = NO;
				SWIFT_UPCOMING_FEATURE_MEMBER_IMPORT_VISIBILITY = YES;
				SWIFT_VERSION = 5.0;
				TARGETED_DEVICE_FAMILY = "1,2";
				TEST_HOST = "$(BUILT_PRODUCTS_DIR)/Fresh.app/$(BUNDLE_EXECUTABLE_FOLDER_PATH)/Fresh";
			};
			name = Debug;
		};
		F09FDB6F302CB3A800705391 /* Release */ = {
			isa = XCBuildConfiguration;
			buildSettings = {
				BUNDLE_LOADER = "$(TEST_HOST)";
				CODE_SIGN_STYLE = Automatic;
				CURRENT_PROJECT_VERSION = 1;
				DEVELOPMENT_TEAM = LF442H2D9J;
				GENERATE_INFOPLIST_FILE = YES;
				IPHONEOS_DEPLOYMENT_TARGET = 26.5;
				MARKETING_VERSION = 1.0;
				PRODUCT_BUNDLE_IDENTIFIER = com.ibnu.FreshTests;
				PRODUCT_NAME = "$(TARGET_NAME)";
				STRING_CATALOG_GENERATE_SYMBOLS = NO;
				SWIFT_APPROACHABLE_CONCURRENCY = YES;
				SWIFT_EMIT_LOC_STRINGS = NO;
				SWIFT_UPCOMING_FEATURE_MEMBER_IMPORT_VISIBILITY = YES;
				SWIFT_VERSION = 5.0;
				TARGETED_DEVICE_FAMILY = "1,2";
				TEST_HOST = "$(BUILT_PRODUCTS_DIR)/Fresh.app/$(BUNDLE_EXECUTABLE_FOLDER_PATH)/Fresh";
			};
			name = Release;
		};
		F09FDB71302CB3A800705391 /* Debug */ = {
			isa = XCBuildConfiguration;
			buildSettings = {
				CODE_SIGN_STYLE = Automatic;
				CURRENT_PROJECT_VERSION = 1;
				DEVELOPMENT_TEAM = LF442H2D9J;
				GENERATE_INFOPLIST_FILE = YES;
				MARKETING_VERSION = 1.0;
				PRODUCT_BUNDLE_IDENTIFIER = com.ibnu.FreshUITests;
				PRODUCT_NAME = "$(TARGET_NAME)";
				STRING_CATALOG_GENERATE_SYMBOLS = NO;
				SWIFT_APPROACHABLE_CONCURRENCY = YES;
				SWIFT_EMIT_LOC_STRINGS = NO;
				SWIFT_UPCOMING_FEATURE_MEMBER_IMPORT_VISIBILITY = YES;
				SWIFT_VERSION = 5.0;
				TARGETED_DEVICE_FAMILY = "1,2";
				TEST_TARGET_NAME = Fresh;
			};
			name = Debug;
		};
		F09FDB72302CB3A800705391 /* Release */ = {
			isa = XCBuildConfiguration;
			buildSettings = {
				CODE_SIGN_STYLE = Automatic;
				CURRENT_PROJECT_VERSION = 1;
				DEVELOPMENT_TEAM = LF442H2D9J;
				GENERATE_INFOPLIST_FILE = YES;
				MARKETING_VERSION = 1.0;
				PRODUCT_BUNDLE_IDENTIFIER = com.ibnu.FreshUITests;
				PRODUCT_NAME = "$(TARGET_NAME)";
				STRING_CATALOG_GENERATE_SYMBOLS = NO;
				SWIFT_APPROACHABLE_CONCURRENCY = YES;
				SWIFT_EMIT_LOC_STRINGS = NO;
				SWIFT_UPCOMING_FEATURE_MEMBER_IMPORT_VISIBILITY = YES;
				SWIFT_VERSION = 5.0;
				TARGETED_DEVICE_FAMILY = "1,2";
				TEST_TARGET_NAME = Fresh;
			};
			name = Release;
		};
/* End XCBuildConfiguration section */

/* Begin XCConfigurationList section */
		F09FDB44302CB3A700705391 /* Build configuration list for PBXProject "Fresh" */ = {
			isa = XCConfigurationList;
			buildConfigurations = (
				F09FDB68302CB3A800705391 /* Debug */,
				F09FDB69302CB3A800705391 /* Release */,
			);
			defaultConfigurationIsVisible = 0;
			defaultConfigurationName = Release;
		};
		F09FDB6A302CB3A800705391 /* Build configuration list for PBXNativeTarget "Fresh" */ = {
			isa = XCConfigurationList;
			buildConfigurations = (
				F09FDB6B302CB3A800705391 /* Debug */,
				F09FDB6C302CB3A800705391 /* Release */,
			);
			defaultConfigurationIsVisible = 0;
			defaultConfigurationName = Release;
		};
		F09FDB6D302CB3A800705391 /* Build configuration list for PBXNativeTarget "FreshTests" */ = {
			isa = XCConfigurationList;
			buildConfigurations = (
				F09FDB6E302CB3A800705391 /* Debug */,
				F09FDB6F302CB3A800705391 /* Release */,
			);
			defaultConfigurationIsVisible = 0;
			defaultConfigurationName = Release;
		};
		F09FDB70302CB3A800705391 /* Build configuration list for PBXNativeTarget "FreshUITests" */ = {
			isa = XCConfigurationList;
			buildConfigurations = (
				F09FDB71302CB3A800705391 /* Debug */,
				F09FDB72302CB3A800705391 /* Release */,
			);
			defaultConfigurationIsVisible = 0;
			defaultConfigurationName = Release;
		};
/* End XCConfigurationList section */
	};
	rootObject = F09FDB41302CB3A700705391 /* Project object */;
}
